
Microsoft Visual Studio Solution File, Format Version 12.00
# Visual Studio Version 17
VisualStudioVersion = 17.0.31919.166
MinimumVisualStudioVersion = 10.0.40219.1
Project("{2150E333-8FDC-42A3-9474-1A3956D46DE8}") = "UI", "UI", "{1F1298B5-BE78-4EB0-81B7-8711E6ACA56D}"
EndProject
Project("{2150E333-8FDC-42A3-9474-1A3956D46DE8}") = "Services", "Services", "{BB938B5B-E8EC-4732-B776-E4A15D1CEC75}"
EndProject
Project("{2150E333-8FDC-42A3-9474-1A3956D46DE8}") = "Data", "Data", "{5275837C-F187-4050-B3AB-C699C29DB0C8}"
EndProject
Project("{2150E333-8FDC-42A3-9474-1A3956D46DE8}") = "Common", "Common", "{0B0ABA46-4452-425D-BEAD-84ABCFF43E52}"
EndProject
Project("{9A19103F-16F7-4668-BE54-9A1E7A4F7556}") = "WebStore.Domain", "Common\WebStore.Domain\WebStore.Domain.csproj", "{6DF7E1AA-FB38-4F6F-B2D3-F4A3DDFFD190}"
EndProject
Project("{9A19103F-16F7-4668-BE54-9A1E7A4F7556}") = "WebStore.DAL", "Data\WebStore.DAL\WebStore.DAL.csproj", "{9117A0CA-D5A6-42A3-95B0-72807E123225}"
EndProject
Project("{9A19103F-16F7-4668-BE54-9A1E7A4F7556}") = "WebStore.DAL.Sqlite", "Data\WebStore.DAL.Sqlite\WebStore.DAL.Sqlite.csproj", "{2934AC60-CDEC-4032-A14C-8BB29BF7653A}"
EndProject
Project("{9A19103F-16F7-4668-BE54-9A1E7A4F7556}") = "WebStore", "UI\WebStore\WebStore.csproj", "{BFCEAA82-5021-4C86-975A-DB50F489BC28}"
EndProject
Project("{FAE04EC0-301F-11D3-BF4B-00C04F79EFBC}") = "WebStore.Interfaces", "Services\WebStore.Interfaces\WebStore.Interfaces.csproj", "{18F7E24D-789D-4C06-93A9-CF6DBBBE7055}"
EndProject
Project("{FAE04EC0-301F-11D3-BF4B-00C04F79EFBC}") = "WebStore.Services", "Services\WebStore.Services\WebStore.Services.csproj", "{E0D54E94-4992-4B5C-8C1B-AF2CBEF46628}"
EndProject
Project("{2150E333-8FDC-42A3-9474-1A3956D46DE8}") = "Tests", "Tests", "{B4B06C92-926B-4E6B-AF8E-7B17EE619FEA}"
EndProject
Project("{9A19103F-16F7-4668-BE54-9A1E7A4F7556}") = "TestConsole", "Tests\TestConsole\TestConsole.csproj", "{EA3FA324-01B8-4F5A-A1E7-7DE3064D992B}"
EndProject
Project("{FAE04EC0-301F-11D3-BF4B-00C04F79EFBC}") = "WebStore.WebAPI", "Services\WebStore.WebAPI\WebStore.WebAPI.csproj", "{22513812-9034-478E-8066-6B5CA8F41A02}"
EndProject
Project("{FAE04EC0-301F-11D3-BF4B-00C04F79EFBC}") = "WebStore.WebAPI.Clients", "Services\WebStore.WebAPI.Clients\WebStore.WebAPI.Clients.csproj", "{7123FCBB-D9B4-4864-9A2B-5C7001D0629C}"
EndProject
Global
	GlobalSection(SolutionConfigurationPlatforms) = preSolution
		Debug|Any CPU = Debug|Any CPU
		Release|Any CPU = Release|Any CPU
	EndGlobalSection
	GlobalSection(ProjectConfigurationPlatforms) = postSolution
		{6DF7E1AA-FB38-4F6F-B2D3-F4A3DDFFD190}.Debug|Any CPU.ActiveCfg = Debug|Any CPU
		{6DF7E1AA-FB38-4F6F-B2D3-F4A3DDFFD190}.Debug|Any CPU.Build.0 = Debug|Any CPU
		{6DF7E1AA-FB38-4F6F-B2D3-F4A3DDFFD190}.Release|Any CPU.ActiveCfg = Release|Any CPU
		{6DF7E1AA-FB38-4F6F-B2D3-F4A3DDFFD190}.Release|Any CPU.Build.0 = Release|Any CPU
		{9117A0CA-D5A6-42A3-95B0-72807E123225}.Debug|Any CPU.ActiveCfg = Debug|Any CPU
		{9117A0CA-D5A6-42A3-95B0-72807E123225}.Debug|Any CPU.Build.0 = Debug|Any CPU
		{9117A0CA-D5A6-42A3-95B0-72807E123225}.Release|Any CPU.ActiveCfg = Release|Any CPU
		{9117A0CA-D5A6-42A3-95B0-72807E123225}.Release|Any CPU.Build.0 = Release|Any CPU
		{2934AC60-CDEC-4032-A14C-8BB29BF7653A}.Debug|Any CPU.ActiveCfg = Debug|Any CPU
		{2934AC60-CDEC-4032-A14C-8BB29BF7653A}.Debug|Any CPU.Build.0 = Debug|Any CPU
		{2934AC60-CDEC-4032-A14C-8BB29BF7653A}.Release|Any CPU.ActiveCfg = Release|Any CPU
		{2934AC60-CDEC-4032-A14C-8BB29BF7653A}.Release|Any CPU.Build.0 = Release|Any CPU
		{BFCEAA82-5021-4C86-975A-DB50F489BC28}.Debug|Any CPU.ActiveCfg = Debug|Any CPU
		{BFCEAA82-5021-4C86-975A-DB50F489BC28}.Debug|Any CPU.Build.0 = Debug|Any CPU
		{BFCEAA82-5021-4C86-975A-DB50F489BC28}.Release|Any CPU.ActiveCfg = Release|Any CPU
		{BFCEAA82-5021-4C86-975A-DB50F489BC28}.Release|Any CPU.Build.0 = Release|Any CPU
		{18F7E24D-789D-4C06-93A9-CF6DBBBE7055}.Debug|Any CPU.ActiveCfg = Debug|Any CPU
		{18F7E24D-789D-4C06-93A9-CF6DBBBE7055}.Debug|Any CPU.Build.0 = Debug|Any CPU
		{18F7E24D-789D-4C06-93A9-CF6DBBBE7055}.Release|Any CPU.ActiveCfg = Release|Any CPU
		{18F7E24D-789D-4C06-93A9-CF6DBBBE7055}.Release|Any CPU.Build.0 = Release|Any CPU
		{E0D54E94-4992-4B5C-8C1B-AF2CBEF46628}.Debug|Any CPU.ActiveCfg = Debug|Any CPU
		{E0D54E94-4992-4B5C-8C1B-AF2CBEF46628}.Debug|Any CPU.Build.0 = Debug|Any CPU
		{E0D54E94-4992-4B5C-8C1B-AF2CBEF46628}.Release|Any CPU.ActiveCfg = Release|Any CPU
		{E0D54E94-4992-4B5C-8C1B-AF2CBEF46628}.Release|Any CPU.Build.0 = Release|Any CPU
		{EA3FA324-01B8-4F5A-A1E7-7DE3064D992B}.Debug|Any CPU.ActiveCfg = Debug|Any CPU
		{EA3FA324-01B8-4F5A-A1E7-7DE3064D992B}.Debug|Any CPU.Build.0 = Debug|Any CPU
		{EA3FA324-01B8-4F5A-A1E7-7DE3064D992B}.Release|Any CPU.ActiveCfg = Release|Any CPU
		{EA3FA324-01B8-4F5A-A1E7-7DE3064D992B}.Release|Any CPU.Build.0 = Release|Any CPU
		{22513812-9034-478E-8066-6B5CA8F41A02}.Debug|Any CPU.ActiveCfg = Debug|Any CPU
		{22513812-9034-478E-8066-6B5CA8F41A02}.Debug|Any CPU.Build.0 = Debug|Any CPU
		{22513812-9034-478E-8066-6B5CA8F41A02}.Release|Any CPU.ActiveCfg = Release|Any CPU
		{22513812-9034-478E-8066-6B5CA8F41A02}.Release|Any CPU.Build.0 = Release|Any CPU
		{7123FCBB-D9B4-4864-9A2B-5C7001D0629C}.Debug|Any CPU.ActiveCfg = Debug|Any CPU
		{7123FCBB-D9B4-4864-9A2B-5C7001D0629C}.Debug|Any CPU.Build.0 = Debug|Any CPU
		{7123FCBB-D9B4-4864-9A2B-5C7001D0629C}.Release|Any CPU.ActiveCfg = Release|Any CPU
		{7123FCBB-D9B4-4864-9A2B-5C7001D0629C}.Release|Any CPU.Build.0 = Release|Any CPU
	EndGlobalSection
	GlobalSection(SolutionProperties) = preSolution
		HideSolutionNode = FALSE
	EndGlobalSection
	GlobalSection(NestedProjects) = preSolution
		{6DF7E1AA-FB38-4F6F-B2D3-F4A3DDFFD190} = {0B0ABA46-4452-425D-BEAD-84ABCFF43E52}
		{9117A0CA-D5A6-42A3-95B0-72807E123225} = {5275837C-F187-4050-B3AB-C699C29DB0C8}
		{2934AC60-CDEC-4032-A14C-8BB29BF7653A} = {5275837C-F187-4050-B3AB-C699C29DB0C8}
		{BFCEAA82-5021-4C86-975A-DB50F489BC28} = {1F1298B5-BE78-4EB0-81B7-8711E6ACA56D}
		{18F7E24D-789D-4C06-93A9-CF6DBBBE7055} = {BB938B5B-E8EC-4732-B776-E4A15D1CEC75}
		{E0D54E94-4992-4B5C-8C1B-AF2CBEF46628} = {BB938B5B-E8EC-4732-B776-E4A15D1CEC75}
		{EA3FA324-01B8-4F5A-A1E7-7DE3064D992B} = {B4B06C92-926B-4E6B-AF8E-7B17EE619FEA}
		{22513812-9034-478E-8066-6B5CA8F41A02} = {BB938B5B-E8EC-4732-B776-E4A15D1CEC75}
		{7123FCBB-D9B4-4864-9A2B-5C7001D0629C} = {BB938B5B-E8EC-4732-B776-E4A15D1CEC75}
	EndGlobalSection
	GlobalSection(ExtensibilityGlobals) = postSolution
		SolutionGuid = {CEC6067F-60E1-41EE-A9BF-D69D58C6CA35}
	EndGlobalSection
EndGlobal
